// !$*UTF8*$!
{
	archiveVersion = 1;
	classes = {
	};
	objectVersion = 50;
	objects = {

/* Begin PBXBuildFile section */
		AE2ED19F252D2E9F0027B097 /* AppDelegate.swift in Sources */ = {isa = PBXBuildFile; fileRef = AE2ED19E252D2E9F0027B097 /* AppDelegate.swift */; };
		AE2ED1A1252D2E9F0027B097 /* SceneDelegate.swift in Sources */ = {isa = PBXBuildFile; fileRef = AE2ED1A0252D2E9F0027B097 /* SceneDelegate.swift */; };
		AE2ED1A3252D2E9F0027B097 /* ViewController.swift in Sources */ = {isa = PBXBuildFile; fileRef = AE2ED1A2252D2E9F0027B097 /* ViewController.swift */; };
		AE2ED1A6252D2E9F0027B097 /* Main.storyboard in Resources */ = {isa = PBXBuildFile; fileRef = AE2ED1A4252D2E9F0027B097 /* Main.storyboard */; };
		AE2ED1A8252D2EA10027B097 /* Assets.xcassets in Resources */ = {isa = PBXBuildFile; fileRef = AE2ED1A7252D2EA10027B097 /* Assets.xcassets */; };
		AE2ED1AB252D2EA10027B097 /* LaunchScreen.storyboard in Resources */ = {isa = PBXBuildFile; fileRef = AE2ED1A9252D2EA10027B097 /* LaunchScreen.storyboard */; };
/* End PBXBuildFile section */

/* Begin PBXFileReference section */
		AE2ED19B252D2E9F0027B097 /* SegueFun.app */ = {isa = PBXFileReference; explicitFileType = wrapper.application; includeInIndex = 0; path = SegueFun.app; sourceTree = BUILT_PRODUCTS_DIR; };
		AE2ED19E252D2E9F0027B097 /* AppDelegate.swift */ = {isa = PBXFileReference; lastKnownFileType = sourcecode.swift; path = AppDelegate.swift; sourceTree = "<group>"; };
		AE2ED1A0252D2E9F0027B097 /* SceneDelegate.swift */ = {isa = PBXFileReference; lastKnownFileType = sourcecode.swift; path = SceneDelegate.swift; sourceTree = "<group>"; };
		AE2ED1A2252D2E9F0027B097 /* ViewController.swift */ = {isa = PBXFileReference; lastKnownFileType = sourcecode.swift; path = ViewController.swift; sourceTree = "<group>"; };
		AE2ED1A5252D2E9F0027B097 /* Base */ = {isa = PBXFileReference; lastKnownFileType = file.storyboard; name = Base; path = Base.lproj/Main.storyboard; sourceTree = "<group>"; };
		AE2ED1A7252D2EA10027B097 /* Assets.xcassets */ = {isa = PBXFileReference; lastKnownFileType = folder.assetcatalog; path = Assets.xcassets; sourceTree = "<group>"; };
		AE2ED1AA252D2EA10027B097 /* Base */ = {isa = PBXFileReference; lastKnownFileType = file.storyboard; name = Base; path = Base.lproj/LaunchScreen.storyboard; sourceTree = "<group>"; };
		AE2ED1AC252D2EA10027B097 /* Info.plist */ = {isa = PBXFileReference; lastKnownFileType = text.plist.xml; path = Info.plist; sourceTree = "<group>"; };
/* End PBXFileReference section */

/* Begin PBXFrameworksBuildPhase section */
		AE2ED198252D2E9F0027B097 /* Frameworks */ = {
			isa = PBXFrameworksBuildPhase;
			buildActionMask = 2147483647;
			files = (
			);
			runOnlyForDeploymentPostprocessing = 0;
		};
/* End PBXFrameworksBuildPhase section */

/* Begin PBXGroup section */
		AE2ED192252D2E9F0027B097 = {
			isa = PBXGroup;
			children = (
				AE2ED19D252D2E9F0027B097 /* SegueFun */,
				AE2ED19C252D2E9F0027B097 /* Products */,
			);
			sourceTree = "<group>";
		};
		AE2ED19C252D2E9F0027B097 /* Products */ = {
			isa = PBXGroup;
			children = (
				AE2ED19B252D2E9F0027B097 /* SegueFun.app */,
			);
			name = Products;
			sourceTree = "<group>";
		};
		AE2ED19D252D2E9F0027B097 /* SegueFun */ = {
			isa = PBXGroup;
			children = (
				AE2ED19E252D2E9F0027B097 /* AppDelegate.swift */,
				AE2ED1A0252D2E9F0027B097 /* SceneDelegate.swift */,
				AE2ED1A2252D2E9F0027B097 /* ViewController.swift */,
				AE2ED1A4252D2E9F0027B097 /* Main.storyboard */,
				AE2ED1A7252D2EA10027B097 /* Assets.xcassets */,
				AE2ED1A9252D2EA10027B097 /* LaunchScreen.storyboard */,
				AE2ED1AC252D2EA10027B097 /* Info.plist */,
			);
			path = SegueFun;
			sourceTree = "<group>";
		};
/* End PBXGroup section */

/* Begin PBXNativeTarget section */
		AE2ED19A252D2E9F0027B097 /* SegueFun */ = {
			isa = PBXNativeTarget;
			buildConfigurationList = AE2ED1AF252D2EA10027B097 /* Build configuration list for PBXNativeTarget "SegueFun" */;
			buildPhases = (
				AE2ED197252D2E9F0027B097 /* Sources */,
				AE2ED198252D2E9F0027B097 /* Frameworks */,
				AE2ED199252D2E9F0027B097 /* Resources */,
			);
			buildRules = (
			);
			dependencies = (
			);
			name = SegueFun;
			productName = SegueFun;
			productReference = AE2ED19B252D2E9F0027B097 /* SegueFun.app */;
			productType = "com.apple.product-type.application";
		};
/* End PBXNativeTarget section */

/* Begin PBXProject section */
		AE2ED193252D2E9F0027B097 /* Project object */ = {
			isa = PBXProject;
			attributes = {
				LastSwiftUpdateCheck = 1170;
				LastUpgradeCheck = 1170;
				ORGANIZATIONNAME = "Gina Sprint";
				TargetAttributes = {
					AE2ED19A252D2E9F0027B097 = {
						CreatedOnToolsVersion = 11.7;
					};
				};
			};
			buildConfigurationList = AE2ED196252D2E9F0027B097 /* Build configuration list for PBXProject "SegueFun" */;
			compatibilityVersion = "Xcode 9.3";
			developmentRegion = en;
			hasScannedForEncodings = 0;
			knownRegions = (
				en,
				Base,
			);
			mainGroup = AE2ED192252D2E9F0027B097;
			productRefGroup = AE2ED19C252D2E9F0027B097 /* Products */;
			projectDirPath = "";
			projectRoot = "";
			targets = (
				AE2ED19A252D2E9F0027B097 /* SegueFun */,
			);
		};
/* End PBXProject section */

/* Begin PBXResourcesBuildPhase section */
		AE2ED199252D2E9F0027B097 /* Resources */ = {
			isa = PBXResourcesBuildPhase;
			buildActionMask = 2147483647;
			files = (
				AE2ED1AB252D2EA10027B097 /* LaunchScreen.storyboard in Resources */,
				AE2ED1A8252D2EA10027B097 /* Assets.xcassets in Resources */,
				AE2ED1A6252D2E9F0027B097 /* Main.storyboard in Resources */,
			);
			runOnlyForDeploymentPostprocessing = 0;
		};
/* End PBXResourcesBuildPhase section */

/* Begin PBXSourcesBuildPhase section */
		AE2ED197252D2E9F0027B097 /* Sources */ = {
			isa = PBXSourcesBuildPhase;
			buildActionMask = 2147483647;
			files = (
				AE2ED1A3252D2E9F0027B097 /* ViewController.swift in Sources */,
				AE2ED19F252D2E9F0027B097 /* AppDelegate.swift in Sources */,
				AE2ED1A1252D2E9F0027B097 /* SceneDelegate.swift in Sources */,
			);
			runOnlyForDeploymentPostprocessing = 0;
		};
/* End PBXSourcesBuildPhase section */

/* Begin PBXVariantGroup section */
		AE2ED1A4252D2E9F0027B097 /* Main.storyboard */ = {
			isa = PBXVariantGroup;
			children = (
				AE2ED1A5252D2E9F0027B097 /* Base */,
			);
			name = Main.storyboard;
			sourceTree = "<group>";
		};
		AE2ED1A9252D2EA10027B097 /* LaunchScreen.storyboard */ = {
			isa = PBXVariantGroup;
			children = (
				AE2ED1AA252D2EA10027B097 /* Base */,
			);
			name = LaunchScreen.storyboard;
			sourceTree = "<group>";
		};
/* End PBXVariantGroup section */

/* Begin XCBuildConfiguration section */
		AE2ED1AD252D2EA10027B097 /* Debug */ = {
			isa = XCBuildConfiguration;
			buildSettings = {
				ALWAYS_SEARCH_USER_PATHS = NO;
				CLANG_ANALYZER_NONNULL = YES;
				CLANG_ANALYZER_NUMBER_OBJECT_CONVERSION = YES_AGGRESSIVE;
				CLANG_CXX_LANGUAGE_STANDARD = "gnu++14";
				CLANG_CXX_LIBRARY = "libc++";
				CLANG_ENABLE_MODULES = YES;
				CLANG_ENABLE_OBJC_ARC = YES;
				CLANG_ENABLE_OBJC_WEAK = YES;
				CLANG_WARN_BLOCK_CAPTURE_AUTORELEASING = YES;
				CLANG_WARN_BOOL_CONVERSION = YES;
				CLANG_WARN_COMMA = YES;
				CLANG_WARN_CONSTANT_CONVERSION = YES;
				CLANG_WARN_DEPRECATED_OBJC_IMPLEMENTATIONS = YES;
				CLANG_WARN_DIRECT_OBJC_ISA_USAGE = YES_ERROR;
				CLANG_WARN_DOCUMENTATION_COMMENTS = YES;
				CLANG_WARN_EMPTY_BODY = YES;
				CLANG_WARN_ENUM_CONVERSION = YES;
				CLANG_WARN_INFINITE_RECURSION = YES;
				CLANG_WARN_INT_CONVERSION = YES;
				CLANG_WARN_NON_LITERAL_NULL_CONVERSION = YES;
				CLANG_WARN_OBJC_IMPLICIT_RETAIN_SELF = YES;
				CLANG_WARN_OBJC_LITERAL_CONVERSION = YES;
				CLANG_WARN_OBJC_ROOT_CLASS = YES_ERROR;
				CLANG_WARN_RANGE_LOOP_ANALYSIS = YES;
				CLANG_WARN_STRICT_PROTOTYPES = YES;
				CLANG_WARN_SUSPICIOUS_MOVE = YES;
				CLANG_WARN_UNGUARDED_AVAILABILITY = YES_AGGRESSIVE;
				CLANG_WARN_UNREACHABLE_CODE = YES;
				CLANG_WARN__DUPLICATE_METHOD_MATCH = YES;
				COPY_PHASE_STRIP = NO;
				DEBUG_INFORMATION_FORMAT = dwarf;
				ENABLE_STRICT_OBJC_MSGSEND = YES;
				ENABLE_TESTABILITY = YES;
				GCC_C_LANGUAGE_STANDARD = gnu11;
				GCC_DYNAMIC_NO_PIC = NO;
				GCC_NO_COMMON_BLOCKS = YES;
				GCC_OPTIMIZATION_LEVEL = 0;
				GCC_PREPROCESSOR_DEFINITIONS = (
					"DEBUG=1",
					"$(inherited)",
				);
				GCC_WARN_64_TO_32_BIT_CONVERSION = YES;
				GCC_WARN_ABOUT_RETURN_TYPE = YES_ERROR;
				GCC_WARN_UNDECLARED_SELECTOR = YES;
				GCC_WARN_UNINITIALIZED_AUTOS = YES_AGGRESSIVE;
				GCC_WARN_UNUSED_FUNCTION = YES;
				GCC_WARN_UNUSED_VARIABLE = YES;
				IPHONEOS_DEPLOYMENT_TARGET = 13.7;
				MTL_ENABLE_DEBUG_INFO = INCLUDE_SOURCE;
				MTL_FAST_MATH = YES;
				ONLY_ACTIVE_ARCH = YES;
				SDKROOT = iphoneos;
				SWIFT_ACTIVE_COMPILATION_CONDITIONS = DEBUG;
				SWIFT_OPTIMIZATION_LEVEL = "-Onone";
			};
			name = Debug;
		};
		AE2ED1AE252D2EA10027B097 /* Release */ = {
			isa = XCBuildConfiguration;
			buildSettings = {
				ALWAYS_SEARCH_USER_PATHS = NO;
				CLANG_ANALYZER_NONNULL = YES;
				CLANG_ANALYZER_NUMBER_OBJECT_CONVERSION = YES_AGGRESSIVE;
				CLANG_CXX_LANGUAGE_STANDARD = "gnu++14";
				CLANG_CXX_LIBRARY = "libc++";
				CLANG_ENABLE_MODULES = YES;
				CLANG_ENABLE_OBJC_ARC = YES;
				CLANG_ENABLE_OBJC_WEAK = YES;
				CLANG_WARN_BLOCK_CAPTURE_AUTORELEASING = YES;
				CLANG_WARN_BOOL_CONVERSION = YES;
				CLANG_WARN_COMMA = YES;
				CLANG_WARN_CONSTANT_CONVERSION = YES;
				CLANG_WARN_DEPRECATED_OBJC_IMPLEMENTATIONS = YES;
				CLANG_WARN_DIRECT_OBJC_ISA_USAGE = YES_ERROR;
				CLANG_WARN_DOCUMENTATION_COMMENTS = YES;
				CLANG_WARN_EMPTY_BODY = YES;
				CLANG_WARN_ENUM_CONVERSION = YES;
				CLANG_WARN_INFINITE_RECURSION = YES;
				CLANG_WARN_INT_CONVERSION = YES;
				CLANG_WARN_NON_LITERAL_NULL_CONVERSION = YES;
				CLANG_WARN_OBJC_IMPLICIT_RETAIN_SELF = YES;
				CLANG_WARN_OBJC_LITERAL_CONVERSION = YES;
				CLANG_WARN_OBJC_ROOT_CLASS = YES_ERROR;
				CLANG_WARN_RANGE_LOOP_ANALYSIS = YES;
				CLANG_WARN_STRICT_PROTOTYPES = YES;
				CLANG_WARN_SUSPICIOUS_MOVE = YES;
				CLANG_WARN_UNGUARDED_AVAILABILITY = YES_AGGRESSIVE;
				CLANG_WARN_UNREACHABLE_CODE = YES;
				CLANG_WARN__DUPLICATE_METHOD_MATCH = YES;
				COPY_PHASE_STRIP = NO;
				DEBUG_INFORMATION_FORMAT = "dwarf-with-dsym";
				ENABLE_NS_ASSERTIONS = NO;
				ENABLE_STRICT_OBJC_MSGSEND = YES;
				GCC_C_LANGUAGE_STANDARD = gnu11;
				GCC_NO_COMMON_BLOCKS = YES;
				GCC_WARN_64_TO_32_BIT_CONVERSION = YES;
				GCC_WARN_ABOUT_RETURN_TYPE = YES_ERROR;
				GCC_WARN_UNDECLARED_SELECTOR = YES;
				GCC_WARN_UNINITIALIZED_AUTOS = YES_AGGRESSIVE;
				GCC_WARN_UNUSED_FUNCTION = YES;
				GCC_WARN_UNUSED_VARIABLE = YES;
				IPHONEOS_DEPLOYMENT_TARGET = 13.7;
				MTL_ENABLE_DEBUG_INFO = NO;
				MTL_FAST_MATH = YES;
				SDKROOT = iphoneos;
				SWIFT_COMPILATION_MODE = wholemodule;
				SWIFT_OPTIMIZATION_LEVEL = "-O";
				VALIDATE_PRODUCT = YES;
			};
			name = Release;
		};
		AE2ED1B0252D2EA10027B097 /* Debug */ = {
			isa = XCBuildConfiguration;
			buildSettings = {
				ASSETCATALOG_COMPILER_APPICON_NAME = AppIcon;
				CODE_SIGN_STYLE = Automatic;
				INFOPLIST_FILE = SegueFun/Info.plist;
				LD_RUNPATH_SEARCH_PATHS = (
					"$(inherited)",
					"@executable_path/Frameworks",
				);
				PRODUCT_BUNDLE_IDENTIFIER = com.sprint.gina.SegueFun;
				PRODUCT_NAME = "$(TARGET_NAME)";
				SWIFT_VERSION = 5.0;
				TARGETED_DEVICE_FAMILY = "1,2";
			};
			name = Debug;
		};
		AE2ED1B1252D2EA10027B097 /* Release */ = {
			isa = XCBuildConfiguration;
			buildSettings = {
				ASSETCATALOG_COMPILER_APPICON_NAME = AppIcon;
				CODE_SIGN_STYLE = Automatic;
				INFOPLIST_FILE = SegueFun/Info.plist;
				LD_RUNPATH_SEARCH_PATHS = (
					"$(inherited)",
					"@executable_path/Frameworks",
				);
				PRODUCT_BUNDLE_IDENTIFIER = com.sprint.gina.SegueFun;
				PRODUCT_NAME = "$(TARGET_NAME)";
				SWIFT_VERSION = 5.0;
				TARGETED_DEVICE_FAMILY = "1,2";
			};
			name = Release;
		};
/* End XCBuildConfiguration section */

/* Begin XCConfigurationList section */
		AE2ED196252D2E9F0027B097 /* Build configuration list for PBXProject "SegueFun" */ = {
			isa = XCConfigurationList;
			buildConfigurations = (
				AE2ED1AD252D2EA10027B097 /* Debug */,
				AE2ED1AE252D2EA10027B097 /* Release */,
			);
			defaultConfigurationIsVisible = 0;
			defaultConfigurationName = Release;
		};
		AE2ED1AF252D2EA10027B097 /* Build configuration list for PBXNativeTarget "SegueFun" */ = {
			isa = XCConfigurationList;
			buildConfigurations = (
				AE2ED1B0252D2EA10027B097 /* Debug */,
				AE2ED1B1252D2EA10027B097 /* Release */,
			);
			defaultConfigurationIsVisible = 0;
			defaultConfigurationName = Release;
		};
/* End XCConfigurationList section */
	};
	rootObject = AE2ED193252D2E9F0027B097 /* Project object */;
}
